
Microsoft Visual Studio Solution File, Format Version 12.00
# Visual Studio Version 16
VisualStudioVersion = 16.0.30523.141
MinimumVisualStudioVersion = 10.0.40219.1
Project("{FAE04EC0-301F-11D3-BF4B-00C04F79EFBC}") = "Lynx.Core", "Lynx.Core\Lynx.Core.csproj", "{ED843634-0B31-4578-8563-3885D4A2D25E}"
EndProject
Project("{FAE04EC0-301F-11D3-BF4B-00C04F79EFBC}") = "Lynx.WPF", "Lynx.WPF\Lynx.WPF.csproj", "{8C685519-F92C-4018-AB1A-FE600303BEB7}"
EndProject
Global
	GlobalSection(SolutionConfigurationPlatforms) = preSolution
		Debug|Any CPU = Debug|Any CPU
		Release|Any CPU = Release|Any CPU
	EndGlobalSection
	GlobalSection(ProjectConfigurationPlatforms) = postSolution
		{ED843634-0B31-4578-8563-3885D4A2D25E}.Debug|Any CPU.ActiveCfg = Debug|Any CPU
		{ED843634-0B31-4578-8563-3885D4A2D25E}.Debug|Any CPU.Build.0 = Debug|Any CPU
		{ED843634-0B31-4578-8563-3885D4A2D25E}.Release|Any CPU.ActiveCfg = Release|Any CPU
		{ED843634-0B31-4578-8563-3885D4A2D25E}.Release|Any CPU.Build.0 = Release|Any CPU
		{8C685519-F92C-4018-AB1A-FE600303BEB7}.Debug|Any CPU.ActiveCfg = Debug|Any CPU
		{8C685519-F92C-4018-AB1A-FE600303BEB7}.Debug|Any CPU.Build.0 = Debug|Any CPU
		{8C685519-F92C-4018-AB1A-FE600303BEB7}.Release|Any CPU.ActiveCfg = Release|Any CPU
		{8C685519-F92C-4018-AB1A-FE600303BEB7}.Release|Any CPU.Build.0 = Release|Any CPU
	EndGlobalSection
	GlobalSection(SolutionProperties) = preSolution
		HideSolutionNode = FALSE
	EndGlobalSection
	GlobalSection(ExtensibilityGlobals) = postSolution
		SolutionGuid = {19383BCA-6A1D-4F2B-B9A7-562CEA948080}
	EndGlobalSection
EndGlobal
